
Microsoft Visual Studio Solution File, Format Version 12.00
# Visual Studio Version 17
VisualStudioVersion = 17.9.34714.143
MinimumVisualStudioVersion = 10.0.40219.1
Project("{8BC9CEB8-8B4A-11D0-8D11-00A0C91BC942}") = "day11", "day11.vcxproj", "{96DFE450-8749-4B5D-94A6-3C56CFDD85EA}"
EndProject
Global
	GlobalSection(SolutionConfigurationPlatforms) = preSolution
		Debug|x64 = Debug|x64
		Debug|x86 = Debug|x86
		Release|x64 = Release|x64
		Release|x86 = Release|x86
	EndGlobalSection
	GlobalSection(ProjectConfigurationPlatforms) = postSolution
		{96DFE450-8749-4B5D-94A6-3C56CFDD85EA}.Debug|x64.ActiveCfg = Debug|x64
		{96DFE450-8749-4B5D-94A6-3C56CFDD85EA}.Debug|x64.Build.0 = Debug|x64
		{96DFE450-8749-4B5D-94A6-3C56CFDD85EA}.Debug|x86.ActiveCfg = Debug|Win32
		{96DFE450-8749-4B5D-94A6-3C56CFDD85EA}.Debug|x86.Build.0 = Debug|Win32
		{96DFE450-8749-4B5D-94A6-3C56CFDD85EA}.Release|x64.ActiveCfg = Release|x64
		{96DFE450-8749-4B5D-94A6-3C56CFDD85EA}.Release|x64.Build.0 = Release|x64
		{96DFE450-8749-4B5D-94A6-3C56CFDD85EA}.Release|x86.ActiveCfg = Release|Win32
		{96DFE450-8749-4B5D-94A6-3C56CFDD85EA}.Release|x86.Build.0 = Release|Win32
	EndGlobalSection
	GlobalSection(SolutionProperties) = preSolution
		HideSolutionNode = FALSE
	EndGlobalSection
	GlobalSection(ExtensibilityGlobals) = postSolution
		SolutionGuid = {AFFE576B-1952-4E17-A169-B94754B619F8}
	EndGlobalSection
EndGlobal
