
Microsoft Visual Studio Solution File, Format Version 12.00
# Visual Studio Version 17
VisualStudioVersion = 17.9.34714.143
MinimumVisualStudioVersion = 10.0.40219.1
Project("{8BC9CEB8-8B4A-11D0-8D11-00A0C91BC942}") = "basic", "basic.vcxproj", "{06FC4DBC-F495-41E3-BE80-554E006AFC48}"
EndProject
Global
	GlobalSection(SolutionConfigurationPlatforms) = preSolution
		Debug|x64 = Debug|x64
		Debug|x86 = Debug|x86
		Release|x64 = Release|x64
		Release|x86 = Release|x86
	EndGlobalSection
	GlobalSection(ProjectConfigurationPlatforms) = postSolution
		{06FC4DBC-F495-41E3-BE80-554E006AFC48}.Debug|x64.ActiveCfg = Debug|x64
		{06FC4DBC-F495-41E3-BE80-554E006AFC48}.Debug|x64.Build.0 = Debug|x64
		{06FC4DBC-F495-41E3-BE80-554E006AFC48}.Debug|x86.ActiveCfg = Debug|Win32
		{06FC4DBC-F495-41E3-BE80-554E006AFC48}.Debug|x86.Build.0 = Debug|Win32
		{06FC4DBC-F495-41E3-BE80-554E006AFC48}.Release|x64.ActiveCfg = Release|x64
		{06FC4DBC-F495-41E3-BE80-554E006AFC48}.Release|x64.Build.0 = Release|x64
		{06FC4DBC-F495-41E3-BE80-554E006AFC48}.Release|x86.ActiveCfg = Release|Win32
		{06FC4DBC-F495-41E3-BE80-554E006AFC48}.Release|x86.Build.0 = Release|Win32
	EndGlobalSection
	GlobalSection(SolutionProperties) = preSolution
		HideSolutionNode = FALSE
	EndGlobalSection
	GlobalSection(ExtensibilityGlobals) = postSolution
		SolutionGuid = {CA471306-A948-4C02-91BF-A9FE6C8BD9FC}
	EndGlobalSection
EndGlobal
